
Microsoft Visual Studio Solution File, Format Version 12.00
# Visual Studio Version 16
VisualStudioVersion = 16.0.29424.173
MinimumVisualStudioVersion = 10.0.40219.1
Project("{F184B08F-C81C-45F6-A57F-5ABD9991F28F}") = "Ejercicio 2", "Ejercicio 2.vbproj", "{816AC08A-A3BC-4575-AC1C-EE1E2E3514EE}"
EndProject
Global
	GlobalSection(SolutionConfigurationPlatforms) = preSolution
		Debug|Any CPU = Debug|Any CPU
		Release|Any CPU = Release|Any CPU
	EndGlobalSection
	GlobalSection(ProjectConfigurationPlatforms) = postSolution
		{816AC08A-A3BC-4575-AC1C-EE1E2E3514EE}.Debug|Any CPU.ActiveCfg = Debug|Any CPU
		{816AC08A-A3BC-4575-AC1C-EE1E2E3514EE}.Debug|Any CPU.Build.0 = Debug|Any CPU
		{816AC08A-A3BC-4575-AC1C-EE1E2E3514EE}.Release|Any CPU.ActiveCfg = Release|Any CPU
		{816AC08A-A3BC-4575-AC1C-EE1E2E3514EE}.Release|Any CPU.Build.0 = Release|Any CPU
	EndGlobalSection
	GlobalSection(SolutionProperties) = preSolution
		HideSolutionNode = FALSE
	EndGlobalSection
	GlobalSection(ExtensibilityGlobals) = postSolution
		SolutionGuid = {D9F5866F-15B1-4B41-AEB7-355C2DE7A524}
	EndGlobalSection
EndGlobal
